
Microsoft Visual Studio Solution File, Format Version 12.00
# Visual Studio 15
VisualStudioVersion = 15.0.27130.2020
MinimumVisualStudioVersion = 10.0.40219.1
Project("{2150E333-8FDC-42A3-9474-1A3956D46DE8}") = "Solution Items", "Solution Items", "{9E865B2E-18C8-4FFE-BD83-A95860293F47}"
	ProjectSection(SolutionItems) = preProject
		Directory.Build.props = Directory.Build.props
	EndProjectSection
EndProject
Project("{2150E333-8FDC-42A3-9474-1A3956D46DE8}") = "src", "src", "{707B9907-7A5E-4D6E-834A-3557170EB906}"
EndProject
Project("{9A19103F-16F7-4668-BE54-9A1E7A4F7556}") = "Orleans.Providers.Kafka", "src\Orleans.Providers.Kafka\Orleans.Providers.Kafka.csproj", "{557B582F-0BB0-4108-B034-030E6EA5EED6}"
EndProject
Project("{2150E333-8FDC-42A3-9474-1A3956D46DE8}") = "test", "test", "{999B11BF-A69A-4C66-88DB-FD5C3B8F377C}"
EndProject
Project("{2150E333-8FDC-42A3-9474-1A3956D46DE8}") = "edtest", "edtest", "{D6E4953F-5534-419C-A50C-E24C743378B3}"
EndProject
Project("{FAE04EC0-301F-11D3-BF4B-00C04F79EFBC}") = "Orleans.Provider.Kafka.Test", "test\Orleans.Provider.Kafka.Test\Orleans.Provider.Kafka.Test.csproj", "{94159642-860B-433B-A638-709DD569826F}"
EndProject
Global
	GlobalSection(SolutionConfigurationPlatforms) = preSolution
		Debug|Any CPU = Debug|Any CPU
		Release|Any CPU = Release|Any CPU
	EndGlobalSection
	GlobalSection(ProjectConfigurationPlatforms) = postSolution
		{557B582F-0BB0-4108-B034-030E6EA5EED6}.Debug|Any CPU.ActiveCfg = Debug|Any CPU
		{557B582F-0BB0-4108-B034-030E6EA5EED6}.Debug|Any CPU.Build.0 = Debug|Any CPU
		{557B582F-0BB0-4108-B034-030E6EA5EED6}.Release|Any CPU.ActiveCfg = Release|Any CPU
		{557B582F-0BB0-4108-B034-030E6EA5EED6}.Release|Any CPU.Build.0 = Release|Any CPU
		{94159642-860B-433B-A638-709DD569826F}.Debug|Any CPU.ActiveCfg = Debug|Any CPU
		{94159642-860B-433B-A638-709DD569826F}.Debug|Any CPU.Build.0 = Debug|Any CPU
		{94159642-860B-433B-A638-709DD569826F}.Release|Any CPU.ActiveCfg = Release|Any CPU
		{94159642-860B-433B-A638-709DD569826F}.Release|Any CPU.Build.0 = Release|Any CPU
	EndGlobalSection
	GlobalSection(SolutionProperties) = preSolution
		HideSolutionNode = FALSE
	EndGlobalSection
	GlobalSection(NestedProjects) = preSolution
		{557B582F-0BB0-4108-B034-030E6EA5EED6} = {707B9907-7A5E-4D6E-834A-3557170EB906}
		{94159642-860B-433B-A638-709DD569826F} = {999B11BF-A69A-4C66-88DB-FD5C3B8F377C}
	EndGlobalSection
	GlobalSection(ExtensibilityGlobals) = postSolution
		SolutionGuid = {CDA7E57B-7B37-4B9C-A246-5254D1F402A3}
	EndGlobalSection
EndGlobal
